
Microsoft Visual Studio Solution File, Format Version 12.00
# Visual Studio Version 16
VisualStudioVersion = 16.0.30523.141
MinimumVisualStudioVersion = 10.0.40219.1
Project("{8BC9CEB8-8B4A-11D0-8D11-00A0C91BC942}") = "Breadth First Search", "Breadth First Search\Breadth First Search.vcxproj", "{54C85AF1-6716-4756-8911-BD05FF0A3029}"
EndProject
Global
	GlobalSection(SolutionConfigurationPlatforms) = preSolution
		Debug|x64 = Debug|x64
		Debug|x86 = Debug|x86
		Release|x64 = Release|x64
		Release|x86 = Release|x86
	EndGlobalSection
	GlobalSection(ProjectConfigurationPlatforms) = postSolution
		{54C85AF1-6716-4756-8911-BD05FF0A3029}.Debug|x64.ActiveCfg = Debug|x64
		{54C85AF1-6716-4756-8911-BD05FF0A3029}.Debug|x64.Build.0 = Debug|x64
		{54C85AF1-6716-4756-8911-BD05FF0A3029}.Debug|x86.ActiveCfg = Debug|Win32
		{54C85AF1-6716-4756-8911-BD05FF0A3029}.Debug|x86.Build.0 = Debug|Win32
		{54C85AF1-6716-4756-8911-BD05FF0A3029}.Release|x64.ActiveCfg = Release|x64
		{54C85AF1-6716-4756-8911-BD05FF0A3029}.Release|x64.Build.0 = Release|x64
		{54C85AF1-6716-4756-8911-BD05FF0A3029}.Release|x86.ActiveCfg = Release|Win32
		{54C85AF1-6716-4756-8911-BD05FF0A3029}.Release|x86.Build.0 = Release|Win32
	EndGlobalSection
	GlobalSection(SolutionProperties) = preSolution
		HideSolutionNode = FALSE
	EndGlobalSection
	GlobalSection(ExtensibilityGlobals) = postSolution
		SolutionGuid = {6BAB6AE9-4223-4C13-AF8B-5F353954C1E1}
	EndGlobalSection
EndGlobal
